
Microsoft Visual Studio Solution File, Format Version 12.00
# Visual Studio Version 16
VisualStudioVersion = 16.0.31911.196
MinimumVisualStudioVersion = 10.0.40219.1
Project("{FAE04EC0-301F-11D3-BF4B-00C04F79EFBC}") = "mamuraap", "mamuraap\mamuraap.csproj", "{BCC98091-3A4D-45F7-8694-8F3ACAC4AA07}"
EndProject
Global
	GlobalSection(SolutionConfigurationPlatforms) = preSolution
		Debug|Any CPU = Debug|Any CPU
		Release|Any CPU = Release|Any CPU
	EndGlobalSection
	GlobalSection(ProjectConfigurationPlatforms) = postSolution
		{BCC98091-3A4D-45F7-8694-8F3ACAC4AA07}.Debug|Any CPU.ActiveCfg = Debug|Any CPU
		{BCC98091-3A4D-45F7-8694-8F3ACAC4AA07}.Debug|Any CPU.Build.0 = Debug|Any CPU
		{BCC98091-3A4D-45F7-8694-8F3ACAC4AA07}.Release|Any CPU.ActiveCfg = Release|Any CPU
		{BCC98091-3A4D-45F7-8694-8F3ACAC4AA07}.Release|Any CPU.Build.0 = Release|Any CPU
	EndGlobalSection
	GlobalSection(SolutionProperties) = preSolution
		HideSolutionNode = FALSE
	EndGlobalSection
	GlobalSection(ExtensibilityGlobals) = postSolution
		SolutionGuid = {C0EA032F-5360-479F-B731-84F6273EF6BE}
	EndGlobalSection
EndGlobal
